
Microsoft Visual Studio Solution File, Format Version 12.00
# Visual Studio Version 17
VisualStudioVersion = 17.4.33122.133
MinimumVisualStudioVersion = 10.0.40219.1
Project("{FAE04EC0-301F-11D3-BF4B-00C04F79EFBC}") = "SystemKadr", "SystemKadr.csproj", "{CBD08A73-24FF-4547-BB04-151F1F3B304C}"
EndProject
Global
	GlobalSection(SolutionConfigurationPlatforms) = preSolution
		Debug|Any CPU = Debug|Any CPU
		Release|Any CPU = Release|Any CPU
	EndGlobalSection
	GlobalSection(ProjectConfigurationPlatforms) = postSolution
		{CBD08A73-24FF-4547-BB04-151F1F3B304C}.Debug|Any CPU.ActiveCfg = Debug|Any CPU
		{CBD08A73-24FF-4547-BB04-151F1F3B304C}.Debug|Any CPU.Build.0 = Debug|Any CPU
		{CBD08A73-24FF-4547-BB04-151F1F3B304C}.Release|Any CPU.ActiveCfg = Release|Any CPU
		{CBD08A73-24FF-4547-BB04-151F1F3B304C}.Release|Any CPU.Build.0 = Release|Any CPU
	EndGlobalSection
	GlobalSection(SolutionProperties) = preSolution
		HideSolutionNode = FALSE
	EndGlobalSection
	GlobalSection(ExtensibilityGlobals) = postSolution
		SolutionGuid = {9FCE32D4-B9E8-477D-AB06-F1005084FB14}
	EndGlobalSection
EndGlobal
